
Microsoft Visual Studio Solution File, Format Version 12.00
# Visual Studio Version 17
VisualStudioVersion = 17.0.31612.314
MinimumVisualStudioVersion = 10.0.40219.1
Project("{FAE04EC0-301F-11D3-BF4B-00C04F79EFBC}") = "Reports Viewer", "Reports Viewer\Reports Viewer.csproj", "{63E20BB1-D685-476D-9204-13D67B4829FB}"
EndProject
Global
	GlobalSection(SolutionConfigurationPlatforms) = preSolution
		Debug|Any CPU = Debug|Any CPU
		Release|Any CPU = Release|Any CPU
	EndGlobalSection
	GlobalSection(ProjectConfigurationPlatforms) = postSolution
		{63E20BB1-D685-476D-9204-13D67B4829FB}.Debug|Any CPU.ActiveCfg = Debug|Any CPU
		{63E20BB1-D685-476D-9204-13D67B4829FB}.Debug|Any CPU.Build.0 = Debug|Any CPU
		{63E20BB1-D685-476D-9204-13D67B4829FB}.Release|Any CPU.ActiveCfg = Release|Any CPU
		{63E20BB1-D685-476D-9204-13D67B4829FB}.Release|Any CPU.Build.0 = Release|Any CPU
	EndGlobalSection
	GlobalSection(SolutionProperties) = preSolution
		HideSolutionNode = FALSE
	EndGlobalSection
	GlobalSection(ExtensibilityGlobals) = postSolution
		SolutionGuid = {E20A378E-7059-4EE5-8095-8712067D2220}
	EndGlobalSection
EndGlobal
